Microsoft Visual Studio Solution File, Format Version 12.00
# Visual Studio Version 17
VisualStudioVersion = 17.5.2.0
MinimumVisualStudioVersion = 10.0.40219.1
Project("{FAE04EC0-301F-11D3-BF4B-00C04F79EFBC}") = "SwimmingAcademy", "SwimmingAcademy.csproj", "{794801E3-EE47-F965-9120-BF3A078C49D4}"
EndProject
Global
	GlobalSection(SolutionConfigurationPlatforms) = preSolution
		Debug|Any CPU = Debug|Any CPU
		Release|Any CPU = Release|Any CPU
	EndGlobalSection
	GlobalSection(ProjectConfigurationPlatforms) = postSolution
		{794801E3-EE47-F965-9120-BF3A078C49D4}.Debug|Any CPU.ActiveCfg = Debug|Any CPU
		{794801E3-EE47-F965-9120-BF3A078C49D4}.Debug|Any CPU.Build.0 = Debug|Any CPU
		{794801E3-EE47-F965-9120-BF3A078C49D4}.Release|Any CPU.ActiveCfg = Release|Any CPU
		{794801E3-EE47-F965-9120-BF3A078C49D4}.Release|Any CPU.Build.0 = Release|Any CPU
	EndGlobalSection
	GlobalSection(SolutionProperties) = preSolution
		HideSolutionNode = FALSE
	EndGlobalSection
	GlobalSection(ExtensibilityGlobals) = postSolution
		SolutionGuid = {B5FCF113-538F-434C-B632-6DF6D67812E5}
	EndGlobalSection
EndGlobal
